
Microsoft Visual Studio Solution File, Format Version 12.00
# Visual Studio Version 17
VisualStudioVersion = 17.6.33723.286
MinimumVisualStudioVersion = 10.0.40219.1
Project("{9A19103F-16F7-4668-BE54-9A1E7A4F7556}") = "Exercise-DK", "Exercise-DK.csproj", "{0DFC0429-A58D-4E96-BB95-8FD905A65309}"
EndProject
Project("{9A19103F-16F7-4668-BE54-9A1E7A4F7556}") = "Database", "..\Database\Database.csproj", "{F6C78A3F-4D20-4E01-A63F-FFDBD5D204D4}"
EndProject
Project("{9A19103F-16F7-4668-BE54-9A1E7A4F7556}") = "TestProject1", "..\TestProject1\TestProject1.csproj", "{48B8D707-3B97-4108-886A-EFA9EA51FDF1}"
EndProject
Global
	GlobalSection(SolutionConfigurationPlatforms) = preSolution
		Debug|Any CPU = Debug|Any CPU
		Release|Any CPU = Release|Any CPU
	EndGlobalSection
	GlobalSection(ProjectConfigurationPlatforms) = postSolution
		{0DFC0429-A58D-4E96-BB95-8FD905A65309}.Debug|Any CPU.ActiveCfg = Debug|Any CPU
		{0DFC0429-A58D-4E96-BB95-8FD905A65309}.Debug|Any CPU.Build.0 = Debug|Any CPU
		{0DFC0429-A58D-4E96-BB95-8FD905A65309}.Release|Any CPU.ActiveCfg = Release|Any CPU
		{0DFC0429-A58D-4E96-BB95-8FD905A65309}.Release|Any CPU.Build.0 = Release|Any CPU
		{F6C78A3F-4D20-4E01-A63F-FFDBD5D204D4}.Debug|Any CPU.ActiveCfg = Debug|Any CPU
		{F6C78A3F-4D20-4E01-A63F-FFDBD5D204D4}.Debug|Any CPU.Build.0 = Debug|Any CPU
		{F6C78A3F-4D20-4E01-A63F-FFDBD5D204D4}.Release|Any CPU.ActiveCfg = Release|Any CPU
		{F6C78A3F-4D20-4E01-A63F-FFDBD5D204D4}.Release|Any CPU.Build.0 = Release|Any CPU
		{48B8D707-3B97-4108-886A-EFA9EA51FDF1}.Debug|Any CPU.ActiveCfg = Debug|Any CPU
		{48B8D707-3B97-4108-886A-EFA9EA51FDF1}.Debug|Any CPU.Build.0 = Debug|Any CPU
		{48B8D707-3B97-4108-886A-EFA9EA51FDF1}.Release|Any CPU.ActiveCfg = Release|Any CPU
		{48B8D707-3B97-4108-886A-EFA9EA51FDF1}.Release|Any CPU.Build.0 = Release|Any CPU
	EndGlobalSection
	GlobalSection(SolutionProperties) = preSolution
		HideSolutionNode = FALSE
	EndGlobalSection
	GlobalSection(ExtensibilityGlobals) = postSolution
		SolutionGuid = {0B54119A-4C98-418D-948B-C50D0467F5C9}
	EndGlobalSection
EndGlobal
